
Microsoft Visual Studio Solution File, Format Version 12.00
# Visual Studio Version 17
VisualStudioVersion = 17.7.34221.43
MinimumVisualStudioVersion = 10.0.40219.1
Project("{9A19103F-16F7-4668-BE54-9A1E7A4F7556}") = "WebApi", "WebApi\WebApi.csproj", "{5CB20BA6-DB3B-4326-8F93-E04C79576B71}"
EndProject
Project("{FAE04EC0-301F-11D3-BF4B-00C04F79EFBC}") = "WebApi.Tests", "WebApi.Tests\WebApi.Tests.csproj", "{40A055B1-1132-483B-AF45-66E20514AFD5}"
EndProject
Global
	GlobalSection(SolutionConfigurationPlatforms) = preSolution
		Debug|Any CPU = Debug|Any CPU
		Release|Any CPU = Release|Any CPU
	EndGlobalSection
	GlobalSection(ProjectConfigurationPlatforms) = postSolution
		{5CB20BA6-DB3B-4326-8F93-E04C79576B71}.Debug|Any CPU.ActiveCfg = Debug|Any CPU
		{5CB20BA6-DB3B-4326-8F93-E04C79576B71}.Debug|Any CPU.Build.0 = Debug|Any CPU
		{5CB20BA6-DB3B-4326-8F93-E04C79576B71}.Release|Any CPU.ActiveCfg = Release|Any CPU
		{5CB20BA6-DB3B-4326-8F93-E04C79576B71}.Release|Any CPU.Build.0 = Release|Any CPU
		{40A055B1-1132-483B-AF45-66E20514AFD5}.Debug|Any CPU.ActiveCfg = Debug|Any CPU
		{40A055B1-1132-483B-AF45-66E20514AFD5}.Debug|Any CPU.Build.0 = Debug|Any CPU
		{40A055B1-1132-483B-AF45-66E20514AFD5}.Release|Any CPU.ActiveCfg = Release|Any CPU
		{40A055B1-1132-483B-AF45-66E20514AFD5}.Release|Any CPU.Build.0 = Release|Any CPU
	EndGlobalSection
	GlobalSection(SolutionProperties) = preSolution
		HideSolutionNode = FALSE
	EndGlobalSection
	GlobalSection(ExtensibilityGlobals) = postSolution
		SolutionGuid = {28F5047D-F9D9-44C7-98CE-E1D32B0D3D2A}
	EndGlobalSection
EndGlobal
